
Microsoft Visual Studio Solution File, Format Version 12.00
# Visual Studio 2013
VisualStudioVersion = 12.0.40629.0
MinimumVisualStudioVersion = 10.0.40219.1
Project("{FAE04EC0-301F-11D3-BF4B-00C04F79EFBC}") = "COSUpLoadFile", "COSUpLoadFile.csproj", "{52D2379E-DEE2-4890-ABC6-AFBEBAA76B20}"
EndProject
Project("{2150E333-8FDC-42A3-9474-1A3956D46DE8}") = "控件", "控件", "{0088FF55-F1B7-449E-B660-59D2182829FD}"
EndProject
Project("{FAE04EC0-301F-11D3-BF4B-00C04F79EFBC}") = "SplitContainerEx", "SplitContainerEx\SplitContainerEx.csproj", "{CA149388-2FDC-4451-B8F2-46C6A2A26A78}"
EndProject
Global
	GlobalSection(SolutionConfigurationPlatforms) = preSolution
		Debug|Any CPU = Debug|Any CPU
		Release|Any CPU = Release|Any CPU
	EndGlobalSection
	GlobalSection(ProjectConfigurationPlatforms) = postSolution
		{52D2379E-DEE2-4890-ABC6-AFBEBAA76B20}.Debug|Any CPU.ActiveCfg = Debug|Any CPU
		{52D2379E-DEE2-4890-ABC6-AFBEBAA76B20}.Debug|Any CPU.Build.0 = Debug|Any CPU
		{52D2379E-DEE2-4890-ABC6-AFBEBAA76B20}.Release|Any CPU.ActiveCfg = Release|Any CPU
		{52D2379E-DEE2-4890-ABC6-AFBEBAA76B20}.Release|Any CPU.Build.0 = Release|Any CPU
		{CA149388-2FDC-4451-B8F2-46C6A2A26A78}.Debug|Any CPU.ActiveCfg = Debug|Any CPU
		{CA149388-2FDC-4451-B8F2-46C6A2A26A78}.Debug|Any CPU.Build.0 = Debug|Any CPU
		{CA149388-2FDC-4451-B8F2-46C6A2A26A78}.Release|Any CPU.ActiveCfg = Release|Any CPU
		{CA149388-2FDC-4451-B8F2-46C6A2A26A78}.Release|Any CPU.Build.0 = Release|Any CPU
	EndGlobalSection
	GlobalSection(SolutionProperties) = preSolution
		HideSolutionNode = FALSE
	EndGlobalSection
	GlobalSection(NestedProjects) = preSolution
		{CA149388-2FDC-4451-B8F2-46C6A2A26A78} = {0088FF55-F1B7-449E-B660-59D2182829FD}
	EndGlobalSection
EndGlobal
